
Microsoft Visual Studio Solution File, Format Version 12.00
# Visual Studio Version 17
VisualStudioVersion = 17.8.34004.107
MinimumVisualStudioVersion = 10.0.40219.1
Project("{FAE04EC0-301F-11D3-BF4B-00C04F79EFBC}") = "DIRS21Interview", "DIRS21Interview.csproj", "{6E704614-7041-4E2D-92CA-BFEF57C526B4}"
EndProject
Global
	GlobalSection(SolutionConfigurationPlatforms) = preSolution
		Debug|Any CPU = Debug|Any CPU
		Release|Any CPU = Release|Any CPU
	EndGlobalSection
	GlobalSection(ProjectConfigurationPlatforms) = postSolution
		{6E704614-7041-4E2D-92CA-BFEF57C526B4}.Debug|Any CPU.ActiveCfg = Debug|Any CPU
		{6E704614-7041-4E2D-92CA-BFEF57C526B4}.Debug|Any CPU.Build.0 = Debug|Any CPU
		{6E704614-7041-4E2D-92CA-BFEF57C526B4}.Release|Any CPU.ActiveCfg = Release|Any CPU
		{6E704614-7041-4E2D-92CA-BFEF57C526B4}.Release|Any CPU.Build.0 = Release|Any CPU
	EndGlobalSection
	GlobalSection(SolutionProperties) = preSolution
		HideSolutionNode = FALSE
	EndGlobalSection
	GlobalSection(ExtensibilityGlobals) = postSolution
		SolutionGuid = {BB666500-5C0C-4DCE-993E-FDA997011D01}
	EndGlobalSection
EndGlobal
